{
  "name": "nested-response",
  "version": "1.1.0",
  "lockfileVersion": 1,
  "requires": true,
  "dependencies": {
    "deeply-object-assign": {
      "version": "1.0.0",
      "resolved": "https://registry.npmjs.org/deeply-object-assign/-/deeply-object-assign-1.0.0.tgz",
      "integrity": "sha512-yIkIT+3DnCy2UiXSdPF3bfA5qxBFyjBoUqFyOm29dol2GUfkQoJ1F1+yxQ9xD+BGFk97dwkm10zcYPSzOrheZA==",
      "requires": {
        "realtypeof": "^1.1.0"
      }
    },
    "realtypeof": {
      "version": "1.1.0",
      "resolved": "https://registry.npmjs.org/realtypeof/-/realtypeof-1.1.0.tgz",
      "integrity": "sha512-EHIhnB9TIEfGloel5TW+apxmLdHx4Uj7LmvLR7HTMaWnVCIyrtMqbD9J+tC8aGNVyHa+Sg6p4ff8oembDvuT3g=="
    }
  }
}
